
Microsoft Visual Studio Solution File, Format Version 12.00
# Visual Studio Version 17
VisualStudioVersion = 17.13.35919.96 d17.13
MinimumVisualStudioVersion = 10.0.40219.1
Project("{FAE04EC0-301F-11D3-BF4B-00C04F79EFBC}") = "CursoCSharp", "CursoCSharp\CursoCSharp.csproj", "{42392164-E429-4E30-8ABC-40DF1F37285C}"
EndProject
Global
	GlobalSection(SolutionConfigurationPlatforms) = preSolution
		Debug|Any CPU = Debug|Any CPU
		Release|Any CPU = Release|Any CPU
	EndGlobalSection
	GlobalSection(ProjectConfigurationPlatforms) = postSolution
		{42392164-E429-4E30-8ABC-40DF1F37285C}.Debug|Any CPU.ActiveCfg = Debug|Any CPU
		{42392164-E429-4E30-8ABC-40DF1F37285C}.Debug|Any CPU.Build.0 = Debug|Any CPU
		{42392164-E429-4E30-8ABC-40DF1F37285C}.Release|Any CPU.ActiveCfg = Release|Any CPU
		{42392164-E429-4E30-8ABC-40DF1F37285C}.Release|Any CPU.Build.0 = Release|Any CPU
	EndGlobalSection
	GlobalSection(SolutionProperties) = preSolution
		HideSolutionNode = FALSE
	EndGlobalSection
	GlobalSection(ExtensibilityGlobals) = postSolution
		SolutionGuid = {2B910686-D6A3-48E7-B592-0C918D00808A}
	EndGlobalSection
EndGlobal
